
Microsoft Visual Studio Solution File, Format Version 12.00
# Visual Studio Version 17
VisualStudioVersion = 17.7.34031.279
MinimumVisualStudioVersion = 10.0.40219.1
Project("{9A19103F-16F7-4668-BE54-9A1E7A4F7556}") = "RobotInterface", "RobotInterface.csproj", "{5B587514-DDBF-4267-9464-64170C63FEF7}"
EndProject
Project("{9A19103F-16F7-4668-BE54-9A1E7A4F7556}") = "ExtendedSerialPort", "..\ExtendedSerialPort .NET6\ExtendedSerialPort .NET6\ExtendedSerialPort\ExtendedSerialPort\ExtendedSerialPort.csproj", "{2DF99AD3-49F6-4765-970E-B533B66A6F1D}"
EndProject
Global
	GlobalSection(SolutionConfigurationPlatforms) = preSolution
		Debug|Any CPU = Debug|Any CPU
		Release|Any CPU = Release|Any CPU
	EndGlobalSection
	GlobalSection(ProjectConfigurationPlatforms) = postSolution
		{5B587514-DDBF-4267-9464-64170C63FEF7}.Debug|Any CPU.ActiveCfg = Debug|Any CPU
		{5B587514-DDBF-4267-9464-64170C63FEF7}.Debug|Any CPU.Build.0 = Debug|Any CPU
		{5B587514-DDBF-4267-9464-64170C63FEF7}.Release|Any CPU.ActiveCfg = Release|Any CPU
		{5B587514-DDBF-4267-9464-64170C63FEF7}.Release|Any CPU.Build.0 = Release|Any CPU
		{2DF99AD3-49F6-4765-970E-B533B66A6F1D}.Debug|Any CPU.ActiveCfg = Debug|Any CPU
		{2DF99AD3-49F6-4765-970E-B533B66A6F1D}.Debug|Any CPU.Build.0 = Debug|Any CPU
		{2DF99AD3-49F6-4765-970E-B533B66A6F1D}.Release|Any CPU.ActiveCfg = Release|Any CPU
		{2DF99AD3-49F6-4765-970E-B533B66A6F1D}.Release|Any CPU.Build.0 = Release|Any CPU
	EndGlobalSection
	GlobalSection(SolutionProperties) = preSolution
		HideSolutionNode = FALSE
	EndGlobalSection
	GlobalSection(ExtensibilityGlobals) = postSolution
		SolutionGuid = {B971129C-215E-4298-B605-1B0BD387439F}
	EndGlobalSection
EndGlobal
